
Microsoft Visual Studio Solution File, Format Version 12.00
# Visual Studio 15
VisualStudioVersion = 15.0.27428.2011
MinimumVisualStudioVersion = 10.0.40219.1
Project("{8BC9CEB8-8B4A-11D0-8D11-00A0C91BC942}") = "callFunction", "callFunction\callFunction.vcxproj", "{3148C75A-8B05-4821-8398-3A81DCA9C65E}"
EndProject
Global
	GlobalSection(SolutionConfigurationPlatforms) = preSolution
		Debug|x64 = Debug|x64
		Debug|x86 = Debug|x86
		Release|x64 = Release|x64
		Release|x86 = Release|x86
	EndGlobalSection
	GlobalSection(ProjectConfigurationPlatforms) = postSolution
		{3148C75A-8B05-4821-8398-3A81DCA9C65E}.Debug|x64.ActiveCfg = Debug|x64
		{3148C75A-8B05-4821-8398-3A81DCA9C65E}.Debug|x64.Build.0 = Debug|x64
		{3148C75A-8B05-4821-8398-3A81DCA9C65E}.Debug|x86.ActiveCfg = Debug|Win32
		{3148C75A-8B05-4821-8398-3A81DCA9C65E}.Debug|x86.Build.0 = Debug|Win32
		{3148C75A-8B05-4821-8398-3A81DCA9C65E}.Release|x64.ActiveCfg = Release|x64
		{3148C75A-8B05-4821-8398-3A81DCA9C65E}.Release|x64.Build.0 = Release|x64
		{3148C75A-8B05-4821-8398-3A81DCA9C65E}.Release|x86.ActiveCfg = Release|Win32
		{3148C75A-8B05-4821-8398-3A81DCA9C65E}.Release|x86.Build.0 = Release|Win32
	EndGlobalSection
	GlobalSection(SolutionProperties) = preSolution
		HideSolutionNode = FALSE
	EndGlobalSection
	GlobalSection(ExtensibilityGlobals) = postSolution
		SolutionGuid = {6C32115E-7B2F-4D03-9A2B-D9F7DF449E56}
	EndGlobalSection
EndGlobal
